
Microsoft Visual Studio Solution File, Format Version 12.00
# Visual Studio Version 16
Project("{2150E333-8FDC-42A3-9474-1A3956D46DE8}") = "CMakePredefinedTargets", "CMakePredefinedTargets", "{D3768520-880A-3A74-B760-12775CC3B2A1}"
EndProject
Project("{2150E333-8FDC-42A3-9474-1A3956D46DE8}") = "GLFW3", "GLFW3", "{61398849-6030-3A4E-92B6-874F6FE7E744}"
EndProject
Project("{8BC9CEB8-8B4A-11D0-8D11-00A0C91BC942}") = "tnm061-lab1", "tnm061-lab1.vcxproj", "{523A08FF-E955-3E50-AF17-3075A4D38AF6}"
	ProjectSection(ProjectDependencies) = postProject
		{7F8CAAA7-A1E2-3BC4-880F-AEA1DA51F185} = {7F8CAAA7-A1E2-3BC4-880F-AEA1DA51F185}
		{624A21F8-580F-3EBF-9204-BEE30C039920} = {624A21F8-580F-3EBF-9204-BEE30C039920}
		{DF36F6E0-30C7-309C-90BB-3F426099A7A6} = {DF36F6E0-30C7-309C-90BB-3F426099A7A6}
	EndProjectSection
EndProject
Project("{8BC9CEB8-8B4A-11D0-8D11-00A0C91BC942}") = "ALL_BUILD", "ALL_BUILD.vcxproj", "{E2D097F2-25D8-3527-AA9F-F06A7B6519C8}"
	ProjectSection(ProjectDependencies) = postProject
		{7F8CAAA7-A1E2-3BC4-880F-AEA1DA51F185} = {7F8CAAA7-A1E2-3BC4-880F-AEA1DA51F185}
		{624A21F8-580F-3EBF-9204-BEE30C039920} = {624A21F8-580F-3EBF-9204-BEE30C039920}
		{DF36F6E0-30C7-309C-90BB-3F426099A7A6} = {DF36F6E0-30C7-309C-90BB-3F426099A7A6}
		{523A08FF-E955-3E50-AF17-3075A4D38AF6} = {523A08FF-E955-3E50-AF17-3075A4D38AF6}
	EndProjectSection
EndProject
Project("{8BC9CEB8-8B4A-11D0-8D11-00A0C91BC942}") = "GLEW", "glew\GLEW.vcxproj", "{7F8CAAA7-A1E2-3BC4-880F-AEA1DA51F185}"
	ProjectSection(ProjectDependencies) = postProject
		{624A21F8-580F-3EBF-9204-BEE30C039920} = {624A21F8-580F-3EBF-9204-BEE30C039920}
	EndProjectSection
EndProject
Project("{8BC9CEB8-8B4A-11D0-8D11-00A0C91BC942}") = "INSTALL", "INSTALL.vcxproj", "{6347E7F7-D63C-3763-B1B6-CEB890777D41}"
	ProjectSection(ProjectDependencies) = postProject
		{E2D097F2-25D8-3527-AA9F-F06A7B6519C8} = {E2D097F2-25D8-3527-AA9F-F06A7B6519C8}
		{624A21F8-580F-3EBF-9204-BEE30C039920} = {624A21F8-580F-3EBF-9204-BEE30C039920}
	EndProjectSection
EndProject
Project("{8BC9CEB8-8B4A-11D0-8D11-00A0C91BC942}") = "ZERO_CHECK", "ZERO_CHECK.vcxproj", "{624A21F8-580F-3EBF-9204-BEE30C039920}"
	ProjectSection(ProjectDependencies) = postProject
	EndProjectSection
EndProject
Project("{8BC9CEB8-8B4A-11D0-8D11-00A0C91BC942}") = "glfw", "glfw-3.3.2\src\glfw.vcxproj", "{DF36F6E0-30C7-309C-90BB-3F426099A7A6}"
	ProjectSection(ProjectDependencies) = postProject
		{624A21F8-580F-3EBF-9204-BEE30C039920} = {624A21F8-580F-3EBF-9204-BEE30C039920}
	EndProjectSection
EndProject
Project("{8BC9CEB8-8B4A-11D0-8D11-00A0C91BC942}") = "uninstall", "glfw-3.3.2\uninstall.vcxproj", "{EB862ABC-71D8-37F3-8CF1-56FECF65829B}"
	ProjectSection(ProjectDependencies) = postProject
		{624A21F8-580F-3EBF-9204-BEE30C039920} = {624A21F8-580F-3EBF-9204-BEE30C039920}
	EndProjectSection
EndProject
Global
	GlobalSection(SolutionConfigurationPlatforms) = preSolution
		Debug|x64 = Debug|x64
		Release|x64 = Release|x64
		MinSizeRel|x64 = MinSizeRel|x64
		RelWithDebInfo|x64 = RelWithDebInfo|x64
	EndGlobalSection
	GlobalSection(ProjectConfigurationPlatforms) = postSolution
		{523A08FF-E955-3E50-AF17-3075A4D38AF6}.Debug|x64.ActiveCfg = Debug|x64
		{523A08FF-E955-3E50-AF17-3075A4D38AF6}.Debug|x64.Build.0 = Debug|x64
		{523A08FF-E955-3E50-AF17-3075A4D38AF6}.Release|x64.ActiveCfg = Release|x64
		{523A08FF-E955-3E50-AF17-3075A4D38AF6}.Release|x64.Build.0 = Release|x64
		{523A08FF-E955-3E50-AF17-3075A4D38AF6}.MinSizeRel|x64.ActiveCfg = MinSizeRel|x64
		{523A08FF-E955-3E50-AF17-3075A4D38AF6}.MinSizeRel|x64.Build.0 = MinSizeRel|x64
		{523A08FF-E955-3E50-AF17-3075A4D38AF6}.RelWithDebInfo|x64.ActiveCfg = RelWithDebInfo|x64
		{523A08FF-E955-3E50-AF17-3075A4D38AF6}.RelWithDebInfo|x64.Build.0 = RelWithDebInfo|x64
		{E2D097F2-25D8-3527-AA9F-F06A7B6519C8}.Debug|x64.ActiveCfg = Debug|x64
		{E2D097F2-25D8-3527-AA9F-F06A7B6519C8}.Debug|x64.Build.0 = Debug|x64
		{E2D097F2-25D8-3527-AA9F-F06A7B6519C8}.Release|x64.ActiveCfg = Release|x64
		{E2D097F2-25D8-3527-AA9F-F06A7B6519C8}.Release|x64.Build.0 = Release|x64
		{E2D097F2-25D8-3527-AA9F-F06A7B6519C8}.MinSizeRel|x64.ActiveCfg = MinSizeRel|x64
		{E2D097F2-25D8-3527-AA9F-F06A7B6519C8}.MinSizeRel|x64.Build.0 = MinSizeRel|x64
		{E2D097F2-25D8-3527-AA9F-F06A7B6519C8}.RelWithDebInfo|x64.ActiveCfg = RelWithDebInfo|x64
		{E2D097F2-25D8-3527-AA9F-F06A7B6519C8}.RelWithDebInfo|x64.Build.0 = RelWithDebInfo|x64
		{7F8CAAA7-A1E2-3BC4-880F-AEA1DA51F185}.Debug|x64.ActiveCfg = Debug|x64
		{7F8CAAA7-A1E2-3BC4-880F-AEA1DA51F185}.Debug|x64.Build.0 = Debug|x64
		{7F8CAAA7-A1E2-3BC4-880F-AEA1DA51F185}.Release|x64.ActiveCfg = Release|x64
		{7F8CAAA7-A1E2-3BC4-880F-AEA1DA51F185}.Release|x64.Build.0 = Release|x64
		{7F8CAAA7-A1E2-3BC4-880F-AEA1DA51F185}.MinSizeRel|x64.ActiveCfg = MinSizeRel|x64
		{7F8CAAA7-A1E2-3BC4-880F-AEA1DA51F185}.MinSizeRel|x64.Build.0 = MinSizeRel|x64
		{7F8CAAA7-A1E2-3BC4-880F-AEA1DA51F185}.RelWithDebInfo|x64.ActiveCfg = RelWithDebInfo|x64
		{7F8CAAA7-A1E2-3BC4-880F-AEA1DA51F185}.RelWithDebInfo|x64.Build.0 = RelWithDebInfo|x64
		{6347E7F7-D63C-3763-B1B6-CEB890777D41}.Debug|x64.ActiveCfg = Debug|x64
		{6347E7F7-D63C-3763-B1B6-CEB890777D41}.Release|x64.ActiveCfg = Release|x64
		{6347E7F7-D63C-3763-B1B6-CEB890777D41}.MinSizeRel|x64.ActiveCfg = MinSizeRel|x64
		{6347E7F7-D63C-3763-B1B6-CEB890777D41}.RelWithDebInfo|x64.ActiveCfg = RelWithDebInfo|x64
		{624A21F8-580F-3EBF-9204-BEE30C039920}.Debug|x64.ActiveCfg = Debug|x64
		{624A21F8-580F-3EBF-9204-BEE30C039920}.Debug|x64.Build.0 = Debug|x64
		{624A21F8-580F-3EBF-9204-BEE30C039920}.Release|x64.ActiveCfg = Release|x64
		{624A21F8-580F-3EBF-9204-BEE30C039920}.Release|x64.Build.0 = Release|x64
		{624A21F8-580F-3EBF-9204-BEE30C039920}.MinSizeRel|x64.ActiveCfg = MinSizeRel|x64
		{624A21F8-580F-3EBF-9204-BEE30C039920}.MinSizeRel|x64.Build.0 = MinSizeRel|x64
		{624A21F8-580F-3EBF-9204-BEE30C039920}.RelWithDebInfo|x64.ActiveCfg = RelWithDebInfo|x64
		{624A21F8-580F-3EBF-9204-BEE30C039920}.RelWithDebInfo|x64.Build.0 = RelWithDebInfo|x64
		{DF36F6E0-30C7-309C-90BB-3F426099A7A6}.Debug|x64.ActiveCfg = Debug|x64
		{DF36F6E0-30C7-309C-90BB-3F426099A7A6}.Debug|x64.Build.0 = Debug|x64
		{DF36F6E0-30C7-309C-90BB-3F426099A7A6}.Release|x64.ActiveCfg = Release|x64
		{DF36F6E0-30C7-309C-90BB-3F426099A7A6}.Release|x64.Build.0 = Release|x64
		{DF36F6E0-30C7-309C-90BB-3F426099A7A6}.MinSizeRel|x64.ActiveCfg = MinSizeRel|x64
		{DF36F6E0-30C7-309C-90BB-3F426099A7A6}.MinSizeRel|x64.Build.0 = MinSizeRel|x64
		{DF36F6E0-30C7-309C-90BB-3F426099A7A6}.RelWithDebInfo|x64.ActiveCfg = RelWithDebInfo|x64
		{DF36F6E0-30C7-309C-90BB-3F426099A7A6}.RelWithDebInfo|x64.Build.0 = RelWithDebInfo|x64
		{EB862ABC-71D8-37F3-8CF1-56FECF65829B}.Debug|x64.ActiveCfg = Debug|x64
		{EB862ABC-71D8-37F3-8CF1-56FECF65829B}.Release|x64.ActiveCfg = Release|x64
		{EB862ABC-71D8-37F3-8CF1-56FECF65829B}.MinSizeRel|x64.ActiveCfg = MinSizeRel|x64
		{EB862ABC-71D8-37F3-8CF1-56FECF65829B}.RelWithDebInfo|x64.ActiveCfg = RelWithDebInfo|x64
	EndGlobalSection
	GlobalSection(NestedProjects) = preSolution
		{E2D097F2-25D8-3527-AA9F-F06A7B6519C8} = {D3768520-880A-3A74-B760-12775CC3B2A1}
		{6347E7F7-D63C-3763-B1B6-CEB890777D41} = {D3768520-880A-3A74-B760-12775CC3B2A1}
		{624A21F8-580F-3EBF-9204-BEE30C039920} = {D3768520-880A-3A74-B760-12775CC3B2A1}
		{DF36F6E0-30C7-309C-90BB-3F426099A7A6} = {61398849-6030-3A4E-92B6-874F6FE7E744}
		{EB862ABC-71D8-37F3-8CF1-56FECF65829B} = {61398849-6030-3A4E-92B6-874F6FE7E744}
	EndGlobalSection
	GlobalSection(ExtensibilityGlobals) = postSolution
		SolutionGuid = {B98A1C78-FC4C-3FE0-9A4B-325783AF9702}
	EndGlobalSection
	GlobalSection(ExtensibilityAddIns) = postSolution
	EndGlobalSection
EndGlobal
