<?xml version="1.0" encoding="utf-8"?>
<Project ToolsVersion="16.0" xmlns="http://schemas.microsoft.com/developer/msbuild/2003">
  <ItemGroup>
    <ClCompile Include="C:\Users\mahon\source\repos\3D grafik\Lab1\glstack.cpp">
      <Filter>Source Files</Filter>
    </ClCompile>
    <ClCompile Include="C:\Users\mahon\source\repos\3D grafik\Lab1\util\MatrixStack.cpp">
      <Filter>Source Files</Filter>
    </ClCompile>
    <ClCompile Include="C:\Users\mahon\source\repos\3D grafik\Lab1\util\Rotator.cpp">
      <Filter>Source Files</Filter>
    </ClCompile>
    <ClCompile Include="C:\Users\mahon\source\repos\3D grafik\Lab1\util\Shader.cpp">
      <Filter>Source Files</Filter>
    </ClCompile>
    <ClCompile Include="C:\Users\mahon\source\repos\3D grafik\Lab1\util\Texture.cpp">
      <Filter>Source Files</Filter>
    </ClCompile>
    <ClCompile Include="C:\Users\mahon\source\repos\3D grafik\Lab1\util\tnm061.cpp">
      <Filter>Source Files</Filter>
    </ClCompile>
    <ClCompile Include="C:\Users\mahon\source\repos\3D grafik\Lab1\util\TriangleSoup.cpp">
      <Filter>Source Files</Filter>
    </ClCompile>
  </ItemGroup>
  <ItemGroup>
    <ClInclude Include="C:\Users\mahon\source\repos\3D grafik\Lab1\util\TriangleSoup.hpp">
      <Filter>Header Files</Filter>
    </ClInclude>
    <ClInclude Include="C:\Users\mahon\source\repos\3D grafik\Lab1\util\MatrixStack.hpp">
      <Filter>Header Files</Filter>
    </ClInclude>
    <ClInclude Include="C:\Users\mahon\source\repos\3D grafik\Lab1\util\Rotator.hpp">
      <Filter>Header Files</Filter>
    </ClInclude>
    <ClInclude Include="C:\Users\mahon\source\repos\3D grafik\Lab1\util\Shader.hpp">
      <Filter>Header Files</Filter>
    </ClInclude>
    <ClInclude Include="C:\Users\mahon\source\repos\3D grafik\Lab1\util\Texture.hpp">
      <Filter>Header Files</Filter>
    </ClInclude>
    <ClInclude Include="C:\Users\mahon\source\repos\3D grafik\Lab1\util\tnm061.hpp">
      <Filter>Header Files</Filter>
    </ClInclude>
  </ItemGroup>
  <ItemGroup>
    <CustomBuild Include="C:\Users\mahon\source\repos\3D grafik\Lab1\CMakeLists.txt" />
  </ItemGroup>
  <ItemGroup>
    <Filter Include="Header Files">
      <UniqueIdentifier>{A8F68692-4E08-3CF6-9FB9-D92A2A26D723}</UniqueIdentifier>
    </Filter>
    <Filter Include="Source Files">
      <UniqueIdentifier>{A60293CD-F893-3806-97FD-259C6943BD1B}</UniqueIdentifier>
    </Filter>
  </ItemGroup>
</Project>
